
Microsoft Visual Studio Solution File, Format Version 12.00
# Visual Studio Version 16
VisualStudioVersion = 16.0.32106.194
MinimumVisualStudioVersion = 10.0.40219.1
Project("{FAE04EC0-301F-11D3-BF4B-00C04F79EFBC}") = "Kalkulator - Jovan Dragas", "Kalkulator - Jovan Dragas.csproj", "{AE02A025-63BC-4FCE-AFD2-5FB6FE915F5B}"
EndProject
Global
	GlobalSection(SolutionConfigurationPlatforms) = preSolution
		Debug|Any CPU = Debug|Any CPU
		Release|Any CPU = Release|Any CPU
	EndGlobalSection
	GlobalSection(ProjectConfigurationPlatforms) = postSolution
		{AE02A025-63BC-4FCE-AFD2-5FB6FE915F5B}.Debug|Any CPU.ActiveCfg = Debug|Any CPU
		{AE02A025-63BC-4FCE-AFD2-5FB6FE915F5B}.Debug|Any CPU.Build.0 = Debug|Any CPU
		{AE02A025-63BC-4FCE-AFD2-5FB6FE915F5B}.Release|Any CPU.ActiveCfg = Release|Any CPU
		{AE02A025-63BC-4FCE-AFD2-5FB6FE915F5B}.Release|Any CPU.Build.0 = Release|Any CPU
	EndGlobalSection
	GlobalSection(SolutionProperties) = preSolution
		HideSolutionNode = FALSE
	EndGlobalSection
	GlobalSection(ExtensibilityGlobals) = postSolution
		SolutionGuid = {3B87CD9C-A30A-4694-9F6E-7FE9E18E54C4}
	EndGlobalSection
EndGlobal
